{
  "nodes": {
    "comma": {
      "flake": false,
      "locked": {
        "lastModified": 1650325672,
        "narHash": "sha256-emhvBaicLAnu/Kn4oxHngGa5BSxOEwbkhTLO5XvauMw=",
        "owner": "nix-community",
        "repo": "comma",
        "rev": "0f71cf6906dac7a95d51146afd3d4e9190b7828b",
        "type": "github"
      },
      "original": {
        "owner": "nix-community",
        "repo": "comma",
        "type": "github"
      }
    },
    "darwin": {
      "inputs": {
        "nixpkgs": [
          "nixpkgs"
        ]
      },
      "locked": {
        "lastModified": 1648941796,
        "narHash": "sha256-qIxBR/rd2DvzfSWcFUnnf+xDj5r/Fm+sW8Ni5NMKcSE=",
        "owner": "kclejeune",
        "repo": "nix-darwin",
        "rev": "9657b51cc36b864d1e1617008810738862b9d4a8",
        "type": "github"
      },
      "original": {
        "owner": "kclejeune",
        "ref": "backup-etc",
        "repo": "nix-darwin",
        "type": "github"
      }
    },
    "devshell": {
      "inputs": {
        "flake-utils": "flake-utils",
        "nixpkgs": "nixpkgs"
      },
      "locked": {
        "lastModified": 1650201426,
        "narHash": "sha256-u43Xf03ImFJWKLHddtjOpCJCHbuM0SQbb6FKR5NuFhk=",
        "owner": "numtide",
        "repo": "devshell",
        "rev": "cb76bc75a0ee81f2d8676fe681f268c48dbd380e",
        "type": "github"
      },
      "original": {
        "owner": "numtide",
        "repo": "devshell",
        "type": "github"
      }
    },
    "flake-compat": {
      "flake": false,
      "locked": {
        "lastModified": 1648199409,
        "narHash": "sha256-JwPKdC2PoVBkG6E+eWw3j6BMR6sL3COpYWfif7RVb8Y=",
        "owner": "edolstra",
        "repo": "flake-compat",
        "rev": "64a525ee38886ab9028e6f61790de0832aa3ef03",
        "type": "github"
      },
      "original": {
        "owner": "edolstra",
        "repo": "flake-compat",
        "type": "github"
      }
    },
    "flake-utils": {
      "locked": {
        "lastModified": 1642700792,
        "narHash": "sha256-XqHrk7hFb+zBvRg6Ghl+AZDq03ov6OshJLiSWOoX5es=",
        "owner": "numtide",
        "repo": "flake-utils",
        "rev": "846b2ae0fc4cc943637d3d1def4454213e203cba",
        "type": "github"
      },
      "original": {
        "owner": "numtide",
        "repo": "flake-utils",
        "type": "github"
      }
    },
    "flake-utils_2": {
      "locked": {
        "lastModified": 1649676176,
        "narHash": "sha256-OWKJratjt2RW151VUlJPRALb7OU2S5s+f0vLj4o1bHM=",
        "owner": "numtide",
        "repo": "flake-utils",
        "rev": "a4b154ebbdc88c8498a5c7b01589addc9e9cb678",
        "type": "github"
      },
      "original": {
        "owner": "numtide",
        "repo": "flake-utils",
        "type": "github"
      }
    },
    "home-manager": {
      "inputs": {
        "nixpkgs": [
          "nixpkgs"
        ]
      },
      "locked": {
        "lastModified": 1650301786,
        "narHash": "sha256-9rz9NqL+mC+BIggn2emuzZ+3MYogxVBTdsFK7E3Vv1k=",
        "owner": "nix-community",
        "repo": "home-manager",
        "rev": "8d38ca886880265d523a66fe3da4d42e92ab0748",
        "type": "github"
      },
      "original": {
        "owner": "nix-community",
        "repo": "home-manager",
        "type": "github"
      }
    },
    "nixos-hardware": {
      "locked": {
        "lastModified": 1649849514,
        "narHash": "sha256-zQyTr2UebTKUh1KLyLtevhHsM8umPK1LfQLGUGjRjiQ=",
        "owner": "nixos",
        "repo": "nixos-hardware",
        "rev": "1a0ccdbf4583ed0fce37eea7955e8ef90f840a9f",
        "type": "github"
      },
      "original": {
        "owner": "nixos",
        "repo": "nixos-hardware",
        "type": "github"
      }
    },
    "nixos-unstable": {
      "locked": {
        "lastModified": 1650161686,
        "narHash": "sha256-70ZWAlOQ9nAZ08OU6WY7n4Ij2kOO199dLfNlvO/+pf8=",
        "owner": "nixos",
        "repo": "nixpkgs",
        "rev": "1ffba9f2f683063c2b14c9f4d12c55ad5f4ed887",
        "type": "github"
      },
      "original": {
        "owner": "nixos",
        "ref": "nixos-unstable",
        "repo": "nixpkgs",
        "type": "github"
      }
    },
    "nixpkgs": {
      "locked": {
        "lastModified": 1643381941,
        "narHash": "sha256-pHTwvnN4tTsEKkWlXQ8JMY423epos8wUOhthpwJjtpc=",
        "owner": "NixOS",
        "repo": "nixpkgs",
        "rev": "5efc8ca954272c4376ac929f4c5ffefcc20551d5",
        "type": "github"
      },
      "original": {
        "owner": "NixOS",
        "ref": "nixpkgs-unstable",
        "repo": "nixpkgs",
        "type": "github"
      }
    },
    "nixpkgs_2": {
      "locked": {
        "lastModified": 1650194139,
        "narHash": "sha256-kurZsqeOw5fpqA/Ig+8tHvbjwzs5P9AE6WUKOX1m6qM=",
        "owner": "nixos",
        "repo": "nixpkgs",
        "rev": "bd4dffcdb7c577d74745bd1eff6230172bd176d5",
        "type": "github"
      },
      "original": {
        "owner": "nixos",
        "ref": "nixpkgs-unstable",
        "repo": "nixpkgs",
        "type": "github"
      }
    },
    "root": {
      "inputs": {
        "comma": "comma",
        "darwin": "darwin",
        "devshell": "devshell",
        "flake-compat": "flake-compat",
        "flake-utils": "flake-utils_2",
        "home-manager": "home-manager",
        "nixos-hardware": "nixos-hardware",
        "nixos-unstable": "nixos-unstable",
        "nixpkgs": "nixpkgs_2",
        "small": "small",
        "stable": "stable"
      }
    },
    "small": {
      "locked": {
        "lastModified": 1650310433,
        "narHash": "sha256-g/vnahqnjZ18eNm9Zoeho1eUBhvEevY/6bIIlKQHI08=",
        "owner": "nixos",
        "repo": "nixpkgs",
        "rev": "e33fe968df5a2503290682278399b1198f7ba56f",
        "type": "github"
      },
      "original": {
        "owner": "nixos",
        "ref": "nixos-unstable-small",
        "repo": "nixpkgs",
        "type": "github"
      }
    },
    "stable": {
      "locked": {
        "lastModified": 1650244918,
        "narHash": "sha256-DsS5nxjTpnoUC4pNXJI1rit7TnDTij8vQDa5PtcDCD0=",
        "owner": "nixos",
        "repo": "nixpkgs",
        "rev": "7b38b03d76ab71bdc8dc325e3f6338d984cc35ca",
        "type": "github"
      },
      "original": {
        "owner": "nixos",
        "ref": "nixos-21.11",
        "repo": "nixpkgs",
        "type": "github"
      }
    }
  },
  "root": "root",
  "version": 7
}
